// !$*UTF8*$!
{
	archiveVersion = 1;
	classes = {
	};
	objectVersion = 46;
	objects = {

/* Begin PBXBuildFile section */
		0B278A7C1F0CD604003D82B7 /* ColorsTest.swift in Sources */ = {isa = PBXBuildFile; fileRef = 0B278A7B1F0CD604003D82B7 /* ColorsTest.swift */; };
		0B278A7D1F0CD608003D82B7 /* ColorsTest.swift in Sources */ = {isa = PBXBuildFile; fileRef = 0B278A7B1F0CD604003D82B7 /* ColorsTest.swift */; };
		0B278A7E1F0CD609003D82B7 /* ColorsTest.swift in Sources */ = {isa = PBXBuildFile; fileRef = 0B278A7B1F0CD604003D82B7 /* ColorsTest.swift */; };
		0B278A821F0CDC6F003D82B7 /* URLSerialization.swift in Sources */ = {isa = PBXBuildFile; fileRef = 0B278A811F0CDC6F003D82B7 /* URLSerialization.swift */; };
		0B278A831F0CDC6F003D82B7 /* URLSerialization.swift in Sources */ = {isa = PBXBuildFile; fileRef = 0B278A811F0CDC6F003D82B7 /* URLSerialization.swift */; };
		0B278A841F0CDC6F003D82B7 /* URLSerialization.swift in Sources */ = {isa = PBXBuildFile; fileRef = 0B278A811F0CDC6F003D82B7 /* URLSerialization.swift */; };
		0B278A861F0CE69D003D82B7 /* ErrorCode.swift in Sources */ = {isa = PBXBuildFile; fileRef = 0B278A851F0CE69D003D82B7 /* ErrorCode.swift */; };
		0B278A871F0CE69D003D82B7 /* ErrorCode.swift in Sources */ = {isa = PBXBuildFile; fileRef = 0B278A851F0CE69D003D82B7 /* ErrorCode.swift */; };
		0B278A881F0CE69D003D82B7 /* ErrorCode.swift in Sources */ = {isa = PBXBuildFile; fileRef = 0B278A851F0CE69D003D82B7 /* ErrorCode.swift */; };
		0B278A891F0CE69D003D82B7 /* ErrorCode.swift in Sources */ = {isa = PBXBuildFile; fileRef = 0B278A851F0CE69D003D82B7 /* ErrorCode.swift */; };
		0B2950171F0AA5AD007CD911 /* Record.swift in Sources */ = {isa = PBXBuildFile; fileRef = 0B2950161F0AA5AD007CD911 /* Record.swift */; };
		0B2950181F0AA5AD007CD911 /* Record.swift in Sources */ = {isa = PBXBuildFile; fileRef = 0B2950161F0AA5AD007CD911 /* Record.swift */; };
		0B2950191F0AA5AD007CD911 /* Record.swift in Sources */ = {isa = PBXBuildFile; fileRef = 0B2950161F0AA5AD007CD911 /* Record.swift */; };
		0B29501A1F0AA5AD007CD911 /* Record.swift in Sources */ = {isa = PBXBuildFile; fileRef = 0B2950161F0AA5AD007CD911 /* Record.swift */; };
		0B485AC91DF69C8100849902 /* TPGSwift.framework in Frameworks */ = {isa = PBXBuildFile; fileRef = 0B7CD89E1CE332CA00958468 /* TPGSwift.framework */; };
		0B485ADC1DF69DB800849902 /* TPGSwift.framework in Frameworks */ = {isa = PBXBuildFile; fileRef = 0BCAD4B41D2EA46500C3FDC4 /* TPGSwift.framework */; };
		0B485AEB1DF69DC800849902 /* TPGSwift.framework in Frameworks */ = {isa = PBXBuildFile; fileRef = 0BCAD4C11D2EA4BF00C3FDC4 /* TPGSwift.framework */; };
		0BCAD4941D2EA22000C3FDC4 /* API.swift in Sources */ = {isa = PBXBuildFile; fileRef = 0BCAD4861D2EA22000C3FDC4 /* API.swift */; };
		0BCAD4951D2EA22000C3FDC4 /* APICommons.swift in Sources */ = {isa = PBXBuildFile; fileRef = 0BCAD4871D2EA22000C3FDC4 /* APICommons.swift */; };
		0BCAD4961D2EA22000C3FDC4 /* APIURLSerialization.swift in Sources */ = {isa = PBXBuildFile; fileRef = 0BCAD4881D2EA22000C3FDC4 /* APIURLSerialization.swift */; };
		0BCAD4981D2EA22000C3FDC4 /* Connection.swift in Sources */ = {isa = PBXBuildFile; fileRef = 0BCAD48A1D2EA22000C3FDC4 /* Connection.swift */; };
		0BCAD4991D2EA22000C3FDC4 /* Coordinates.swift in Sources */ = {isa = PBXBuildFile; fileRef = 0BCAD48B1D2EA22000C3FDC4 /* Coordinates.swift */; };
		0BCAD49A1D2EA22000C3FDC4 /* Deviation.swift in Sources */ = {isa = PBXBuildFile; fileRef = 0BCAD48C1D2EA22000C3FDC4 /* Deviation.swift */; };
		0BCAD49B1D2EA22000C3FDC4 /* Disruption.swift in Sources */ = {isa = PBXBuildFile; fileRef = 0BCAD48D1D2EA22000C3FDC4 /* Disruption.swift */; };
		0BCAD49C1D2EA22000C3FDC4 /* LineColor.swift in Sources */ = {isa = PBXBuildFile; fileRef = 0BCAD48E1D2EA22000C3FDC4 /* LineColor.swift */; };
		0BCAD49D1D2EA22000C3FDC4 /* NextDepartures.swift in Sources */ = {isa = PBXBuildFile; fileRef = 0BCAD48F1D2EA22000C3FDC4 /* NextDepartures.swift */; };
		0BCAD49E1D2EA22000C3FDC4 /* PhysicalStop.swift in Sources */ = {isa = PBXBuildFile; fileRef = 0BCAD4901D2EA22000C3FDC4 /* PhysicalStop.swift */; };
		0BCAD49F1D2EA22000C3FDC4 /* Stop.swift in Sources */ = {isa = PBXBuildFile; fileRef = 0BCAD4911D2EA22000C3FDC4 /* Stop.swift */; };
		0BCAD4A01D2EA22000C3FDC4 /* Thermometer.swift in Sources */ = {isa = PBXBuildFile; fileRef = 0BCAD4921D2EA22000C3FDC4 /* Thermometer.swift */; };
		0BCAD4A11D2EA22000C3FDC4 /* TPGSwift.h in Headers */ = {isa = PBXBuildFile; fileRef = 0BCAD4931D2EA22000C3FDC4 /* TPGSwift.h */; settings = {ATTRIBUTES = (Public, ); }; };
		0BCAD4C91D2EA54C00C3FDC4 /* API.swift in Sources */ = {isa = PBXBuildFile; fileRef = 0BCAD4861D2EA22000C3FDC4 /* API.swift */; };
		0BCAD4CA1D2EA54C00C3FDC4 /* APICommons.swift in Sources */ = {isa = PBXBuildFile; fileRef = 0BCAD4871D2EA22000C3FDC4 /* APICommons.swift */; };
		0BCAD4CB1D2EA54C00C3FDC4 /* APIURLSerialization.swift in Sources */ = {isa = PBXBuildFile; fileRef = 0BCAD4881D2EA22000C3FDC4 /* APIURLSerialization.swift */; };
		0BCAD4CC1D2EA54C00C3FDC4 /* Connection.swift in Sources */ = {isa = PBXBuildFile; fileRef = 0BCAD48A1D2EA22000C3FDC4 /* Connection.swift */; };
		0BCAD4CD1D2EA54C00C3FDC4 /* Coordinates.swift in Sources */ = {isa = PBXBuildFile; fileRef = 0BCAD48B1D2EA22000C3FDC4 /* Coordinates.swift */; };
		0BCAD4CE1D2EA54C00C3FDC4 /* Deviation.swift in Sources */ = {isa = PBXBuildFile; fileRef = 0BCAD48C1D2EA22000C3FDC4 /* Deviation.swift */; };
		0BCAD4CF1D2EA54C00C3FDC4 /* Disruption.swift in Sources */ = {isa = PBXBuildFile; fileRef = 0BCAD48D1D2EA22000C3FDC4 /* Disruption.swift */; };
		0BCAD4D01D2EA54C00C3FDC4 /* LineColor.swift in Sources */ = {isa = PBXBuildFile; fileRef = 0BCAD48E1D2EA22000C3FDC4 /* LineColor.swift */; };
		0BCAD4D11D2EA54C00C3FDC4 /* NextDepartures.swift in Sources */ = {isa = PBXBuildFile; fileRef = 0BCAD48F1D2EA22000C3FDC4 /* NextDepartures.swift */; };
		0BCAD4D21D2EA54C00C3FDC4 /* PhysicalStop.swift in Sources */ = {isa = PBXBuildFile; fileRef = 0BCAD4901D2EA22000C3FDC4 /* PhysicalStop.swift */; };
		0BCAD4D31D2EA54C00C3FDC4 /* Stop.swift in Sources */ = {isa = PBXBuildFile; fileRef = 0BCAD4911D2EA22000C3FDC4 /* Stop.swift */; };
		0BCAD4D41D2EA54C00C3FDC4 /* Thermometer.swift in Sources */ = {isa = PBXBuildFile; fileRef = 0BCAD4921D2EA22000C3FDC4 /* Thermometer.swift */; };
		0BCAD4D51D2EA54C00C3FDC4 /* API.swift in Sources */ = {isa = PBXBuildFile; fileRef = 0BCAD4861D2EA22000C3FDC4 /* API.swift */; };
		0BCAD4D61D2EA54C00C3FDC4 /* APICommons.swift in Sources */ = {isa = PBXBuildFile; fileRef = 0BCAD4871D2EA22000C3FDC4 /* APICommons.swift */; };
		0BCAD4D71D2EA54C00C3FDC4 /* APIURLSerialization.swift in Sources */ = {isa = PBXBuildFile; fileRef = 0BCAD4881D2EA22000C3FDC4 /* APIURLSerialization.swift */; };
		0BCAD4D81D2EA54C00C3FDC4 /* Connection.swift in Sources */ = {isa = PBXBuildFile; fileRef = 0BCAD48A1D2EA22000C3FDC4 /* Connection.swift */; };
		0BCAD4D91D2EA54C00C3FDC4 /* Coordinates.swift in Sources */ = {isa = PBXBuildFile; fileRef = 0BCAD48B1D2EA22000C3FDC4 /* Coordinates.swift */; };
		0BCAD4DA1D2EA54C00C3FDC4 /* Deviation.swift in Sources */ = {isa = PBXBuildFile; fileRef = 0BCAD48C1D2EA22000C3FDC4 /* Deviation.swift */; };
		0BCAD4DB1D2EA54C00C3FDC4 /* Disruption.swift in Sources */ = {isa = PBXBuildFile; fileRef = 0BCAD48D1D2EA22000C3FDC4 /* Disruption.swift */; };
		0BCAD4DC1D2EA54C00C3FDC4 /* LineColor.swift in Sources */ = {isa = PBXBuildFile; fileRef = 0BCAD48E1D2EA22000C3FDC4 /* LineColor.swift */; };
		0BCAD4DD1D2EA54C00C3FDC4 /* NextDepartures.swift in Sources */ = {isa = PBXBuildFile; fileRef = 0BCAD48F1D2EA22000C3FDC4 /* NextDepartures.swift */; };
		0BCAD4DE1D2EA54C00C3FDC4 /* PhysicalStop.swift in Sources */ = {isa = PBXBuildFile; fileRef = 0BCAD4901D2EA22000C3FDC4 /* PhysicalStop.swift */; };
		0BCAD4DF1D2EA54C00C3FDC4 /* Stop.swift in Sources */ = {isa = PBXBuildFile; fileRef = 0BCAD4911D2EA22000C3FDC4 /* Stop.swift */; };
		0BCAD4E01D2EA54C00C3FDC4 /* Thermometer.swift in Sources */ = {isa = PBXBuildFile; fileRef = 0BCAD4921D2EA22000C3FDC4 /* Thermometer.swift */; };
		0BCAD4E11D2EA54D00C3FDC4 /* API.swift in Sources */ = {isa = PBXBuildFile; fileRef = 0BCAD4861D2EA22000C3FDC4 /* API.swift */; };
		0BCAD4E21D2EA54D00C3FDC4 /* APICommons.swift in Sources */ = {isa = PBXBuildFile; fileRef = 0BCAD4871D2EA22000C3FDC4 /* APICommons.swift */; };
		0BCAD4E31D2EA54D00C3FDC4 /* APIURLSerialization.swift in Sources */ = {isa = PBXBuildFile; fileRef = 0BCAD4881D2EA22000C3FDC4 /* APIURLSerialization.swift */; };
		0BCAD4E41D2EA54D00C3FDC4 /* Connection.swift in Sources */ = {isa = PBXBuildFile; fileRef = 0BCAD48A1D2EA22000C3FDC4 /* Connection.swift */; };
		0BCAD4E51D2EA54D00C3FDC4 /* Coordinates.swift in Sources */ = {isa = PBXBuildFile; fileRef = 0BCAD48B1D2EA22000C3FDC4 /* Coordinates.swift */; };
		0BCAD4E61D2EA54D00C3FDC4 /* Deviation.swift in Sources */ = {isa = PBXBuildFile; fileRef = 0BCAD48C1D2EA22000C3FDC4 /* Deviation.swift */; };
		0BCAD4E71D2EA54D00C3FDC4 /* Disruption.swift in Sources */ = {isa = PBXBuildFile; fileRef = 0BCAD48D1D2EA22000C3FDC4 /* Disruption.swift */; };
		0BCAD4E81D2EA54D00C3FDC4 /* LineColor.swift in Sources */ = {isa = PBXBuildFile; fileRef = 0BCAD48E1D2EA22000C3FDC4 /* LineColor.swift */; };
		0BCAD4E91D2EA54D00C3FDC4 /* NextDepartures.swift in Sources */ = {isa = PBXBuildFile; fileRef = 0BCAD48F1D2EA22000C3FDC4 /* NextDepartures.swift */; };
		0BCAD4EA1D2EA54D00C3FDC4 /* PhysicalStop.swift in Sources */ = {isa = PBXBuildFile; fileRef = 0BCAD4901D2EA22000C3FDC4 /* PhysicalStop.swift */; };
		0BCAD4EB1D2EA54D00C3FDC4 /* Stop.swift in Sources */ = {isa = PBXBuildFile; fileRef = 0BCAD4911D2EA22000C3FDC4 /* Stop.swift */; };
		0BCAD4EC1D2EA54D00C3FDC4 /* Thermometer.swift in Sources */ = {isa = PBXBuildFile; fileRef = 0BCAD4921D2EA22000C3FDC4 /* Thermometer.swift */; };
		0BCAD4ED1D2EA55200C3FDC4 /* TPGSwift.h in Headers */ = {isa = PBXBuildFile; fileRef = 0BCAD4931D2EA22000C3FDC4 /* TPGSwift.h */; settings = {ATTRIBUTES = (Public, ); }; };
		0BCAD4EE1D2EA55300C3FDC4 /* TPGSwift.h in Headers */ = {isa = PBXBuildFile; fileRef = 0BCAD4931D2EA22000C3FDC4 /* TPGSwift.h */; settings = {ATTRIBUTES = (Public, ); }; };
		0BCAD4EF1D2EA55300C3FDC4 /* TPGSwift.h in Headers */ = {isa = PBXBuildFile; fileRef = 0BCAD4931D2EA22000C3FDC4 /* TPGSwift.h */; settings = {ATTRIBUTES = (Public, ); }; };
		0BF642171F0C2D19003CE540 /* Decodable.swift in Sources */ = {isa = PBXBuildFile; fileRef = 0BF642131F0C2D0B003CE540 /* Decodable.swift */; };
		0BF642181F0C2D1A003CE540 /* Decodable.swift in Sources */ = {isa = PBXBuildFile; fileRef = 0BF642131F0C2D0B003CE540 /* Decodable.swift */; };
		0BF642191F0C2D1A003CE540 /* Decodable.swift in Sources */ = {isa = PBXBuildFile; fileRef = 0BF642131F0C2D0B003CE540 /* Decodable.swift */; };
		0BF6421A1F0C2EDF003CE540 /* api_samples.bundle in Resources */ = {isa = PBXBuildFile; fileRef = 0BF642121F0C2D0B003CE540 /* api_samples.bundle */; };
		0BF6421B1F0C2EE0003CE540 /* api_samples.bundle in Resources */ = {isa = PBXBuildFile; fileRef = 0BF642121F0C2D0B003CE540 /* api_samples.bundle */; };
		0BF6421C1F0C2EE1003CE540 /* api_samples.bundle in Resources */ = {isa = PBXBuildFile; fileRef = 0BF642121F0C2D0B003CE540 /* api_samples.bundle */; };
/* End PBXBuildFile section */

/* Begin PBXContainerItemProxy section */
		0B485ACA1DF69C8100849902 /* PBXContainerItemProxy */ = {
			isa = PBXContainerItemProxy;
			containerPortal = 0B7CD8951CE332CA00958468 /* Project object */;
			proxyType = 1;
			remoteGlobalIDString = 0B7CD89D1CE332CA00958468;
			remoteInfo = "TPGSwift-iOS";
		};
		0B485ADD1DF69DB800849902 /* PBXContainerItemProxy */ = {
			isa = PBXContainerItemProxy;
			containerPortal = 0B7CD8951CE332CA00958468 /* Project object */;
			proxyType = 1;
			remoteGlobalIDString = 0BCAD4B31D2EA46500C3FDC4;
			remoteInfo = "TPGSwift-tvOS";
		};
		0B485AEC1DF69DC800849902 /* PBXContainerItemProxy */ = {
			isa = PBXContainerItemProxy;
			containerPortal = 0B7CD8951CE332CA00958468 /* Project object */;
			proxyType = 1;
			remoteGlobalIDString = 0BCAD4C01D2EA4BF00C3FDC4;
			remoteInfo = "TPGSwift-macOS";
		};
/* End PBXContainerItemProxy section */

/* Begin PBXFileReference section */
		0B237D3C1CE37CBF006AD14C /* .gitignore */ = {isa = PBXFileReference; fileEncoding = 4; lastKnownFileType = text; path = .gitignore; sourceTree = "<group>"; };
		0B263E301F9408410049443A /* CHANGELOG.md */ = {isa = PBXFileReference; fileEncoding = 4; lastKnownFileType = net.daringfireball.markdown; path = CHANGELOG.md; sourceTree = "<group>"; };
		0B278A7B1F0CD604003D82B7 /* ColorsTest.swift */ = {isa = PBXFileReference; lastKnownFileType = sourcecode.swift; path = ColorsTest.swift; sourceTree = "<group>"; };
		0B278A811F0CDC6F003D82B7 /* URLSerialization.swift */ = {isa = PBXFileReference; lastKnownFileType = sourcecode.swift; path = URLSerialization.swift; sourceTree = "<group>"; };
		0B278A851F0CE69D003D82B7 /* ErrorCode.swift */ = {isa = PBXFileReference; lastKnownFileType = sourcecode.swift; path = ErrorCode.swift; sourceTree = "<group>"; };
		0B2950161F0AA5AD007CD911 /* Record.swift */ = {isa = PBXFileReference; lastKnownFileType = sourcecode.swift; path = Record.swift; sourceTree = "<group>"; };
		0B485AC41DF69C8100849902 /* TPGSwiftTests.xctest */ = {isa = PBXFileReference; explicitFileType = wrapper.cfbundle; includeInIndex = 0; path = TPGSwiftTests.xctest; sourceTree = BUILT_PRODUCTS_DIR; };
		0B485AD71DF69DB800849902 /* TPGSwiftTests-tvOS.xctest */ = {isa = PBXFileReference; explicitFileType = wrapper.cfbundle; includeInIndex = 0; path = "TPGSwiftTests-tvOS.xctest"; sourceTree = BUILT_PRODUCTS_DIR; };
		0B485AE61DF69DC800849902 /* TPGSwiftTests-macOS.xctest */ = {isa = PBXFileReference; explicitFileType = wrapper.cfbundle; includeInIndex = 0; path = "TPGSwiftTests-macOS.xctest"; sourceTree = BUILT_PRODUCTS_DIR; };
		0B58FC051DF5FCB0002301DB /* README.md */ = {isa = PBXFileReference; lastKnownFileType = net.daringfireball.markdown; path = README.md; sourceTree = "<group>"; };
		0B58FC131DF5FE61002301DB /* Fastfile */ = {isa = PBXFileReference; lastKnownFileType = text; path = Fastfile; sourceTree = "<group>"; };
		0B58FC191DF5FF8D002301DB /* .gitignore */ = {isa = PBXFileReference; lastKnownFileType = text; path = .gitignore; sourceTree = "<group>"; };
		0B58FC1A1DF5FFCC002301DB /* Gemfile */ = {isa = PBXFileReference; lastKnownFileType = text; path = Gemfile; sourceTree = "<group>"; };
		0B58FC1C1DF60215002301DB /* publish-doc.sh */ = {isa = PBXFileReference; lastKnownFileType = text.script.sh; path = "publish-doc.sh"; sourceTree = "<group>"; };
		0B5B82D51CE39DAD009BBD8F /* .travis.yml */ = {isa = PBXFileReference; fileEncoding = 4; lastKnownFileType = text; path = .travis.yml; sourceTree = "<group>"; };
		0B7CD89E1CE332CA00958468 /* TPGSwift.framework */ = {isa = PBXFileReference; explicitFileType = wrapper.framework; includeInIndex = 0; path = TPGSwift.framework; sourceTree = BUILT_PRODUCTS_DIR; };
		0B7CD8BB1CE3345800958468 /* .swiftlint.yml */ = {isa = PBXFileReference; fileEncoding = 4; lastKnownFileType = text; path = .swiftlint.yml; sourceTree = "<group>"; };
		0B91355C1D0AF1F800D70411 /* Package.swift */ = {isa = PBXFileReference; lastKnownFileType = sourcecode.swift; path = Package.swift; sourceTree = "<group>"; };
		0BCAD4831D2EA0F700C3FDC4 /* TPGSwift.podspec */ = {isa = PBXFileReference; fileEncoding = 4; lastKnownFileType = text; path = TPGSwift.podspec; sourceTree = "<group>"; };
		0BCAD4861D2EA22000C3FDC4 /* API.swift */ = {isa = PBXFileReference; fileEncoding = 4; lastKnownFileType = sourcecode.swift; path = API.swift; sourceTree = "<group>"; };
		0BCAD4871D2EA22000C3FDC4 /* APICommons.swift */ = {isa = PBXFileReference; fileEncoding = 4; lastKnownFileType = sourcecode.swift; path = APICommons.swift; sourceTree = "<group>"; };
		0BCAD4881D2EA22000C3FDC4 /* APIURLSerialization.swift */ = {isa = PBXFileReference; fileEncoding = 4; lastKnownFileType = sourcecode.swift; path = APIURLSerialization.swift; sourceTree = "<group>"; };
		0BCAD4891D2EA22000C3FDC4 /* Info.plist */ = {isa = PBXFileReference; fileEncoding = 4; lastKnownFileType = text.plist.xml; path = Info.plist; sourceTree = "<group>"; };
		0BCAD48A1D2EA22000C3FDC4 /* Connection.swift */ = {isa = PBXFileReference; fileEncoding = 4; lastKnownFileType = sourcecode.swift; path = Connection.swift; sourceTree = "<group>"; };
		0BCAD48B1D2EA22000C3FDC4 /* Coordinates.swift */ = {isa = PBXFileReference; fileEncoding = 4; lastKnownFileType = sourcecode.swift; path = Coordinates.swift; sourceTree = "<group>"; };
		0BCAD48C1D2EA22000C3FDC4 /* Deviation.swift */ = {isa = PBXFileReference; fileEncoding = 4; lastKnownFileType = sourcecode.swift; path = Deviation.swift; sourceTree = "<group>"; };
		0BCAD48D1D2EA22000C3FDC4 /* Disruption.swift */ = {isa = PBXFileReference; fileEncoding = 4; lastKnownFileType = sourcecode.swift; path = Disruption.swift; sourceTree = "<group>"; };
		0BCAD48E1D2EA22000C3FDC4 /* LineColor.swift */ = {isa = PBXFileReference; fileEncoding = 4; lastKnownFileType = sourcecode.swift; path = LineColor.swift; sourceTree = "<group>"; };
		0BCAD48F1D2EA22000C3FDC4 /* NextDepartures.swift */ = {isa = PBXFileReference; fileEncoding = 4; lastKnownFileType = sourcecode.swift; path = NextDepartures.swift; sourceTree = "<group>"; };
		0BCAD4901D2EA22000C3FDC4 /* PhysicalStop.swift */ = {isa = PBXFileReference; fileEncoding = 4; lastKnownFileType = sourcecode.swift; path = PhysicalStop.swift; sourceTree = "<group>"; };
		0BCAD4911D2EA22000C3FDC4 /* Stop.swift */ = {isa = PBXFileReference; fileEncoding = 4; lastKnownFileType = sourcecode.swift; path = Stop.swift; sourceTree = "<group>"; };
		0BCAD4921D2EA22000C3FDC4 /* Thermometer.swift */ = {isa = PBXFileReference; fileEncoding = 4; lastKnownFileType = sourcecode.swift; path = Thermometer.swift; sourceTree = "<group>"; };
		0BCAD4931D2EA22000C3FDC4 /* TPGSwift.h */ = {isa = PBXFileReference; fileEncoding = 4; lastKnownFileType = sourcecode.c.h; path = TPGSwift.h; sourceTree = "<group>"; };
		0BCAD4A71D2EA3FD00C3FDC4 /* TPGSwift.framework */ = {isa = PBXFileReference; explicitFileType = wrapper.framework; includeInIndex = 0; path = TPGSwift.framework; sourceTree = BUILT_PRODUCTS_DIR; };
		0BCAD4B41D2EA46500C3FDC4 /* TPGSwift.framework */ = {isa = PBXFileReference; explicitFileType = wrapper.framework; includeInIndex = 0; path = TPGSwift.framework; sourceTree = BUILT_PRODUCTS_DIR; };
		0BCAD4C11D2EA4BF00C3FDC4 /* TPGSwift.framework */ = {isa = PBXFileReference; explicitFileType = wrapper.framework; includeInIndex = 0; path = TPGSwift.framework; sourceTree = BUILT_PRODUCTS_DIR; };
		0BD0D3D71CE4671800375C8C /* LICENSE */ = {isa = PBXFileReference; fileEncoding = 4; lastKnownFileType = text; path = LICENSE; sourceTree = "<group>"; };
		0BD0D3D81CE4671800375C8C /* README.md */ = {isa = PBXFileReference; fileEncoding = 4; lastKnownFileType = net.daringfireball.markdown; path = README.md; sourceTree = "<group>"; };
		0BF642121F0C2D0B003CE540 /* api_samples.bundle */ = {isa = PBXFileReference; lastKnownFileType = "wrapper.plug-in"; path = api_samples.bundle; sourceTree = "<group>"; };
		0BF642131F0C2D0B003CE540 /* Decodable.swift */ = {isa = PBXFileReference; lastKnownFileType = sourcecode.swift; path = Decodable.swift; sourceTree = "<group>"; };
		0BF642141F0C2D0B003CE540 /* Info.plist */ = {isa = PBXFileReference; lastKnownFileType = text.plist.xml; path = Info.plist; sourceTree = "<group>"; };
/* End PBXFileReference section */

/* Begin PBXFrameworksBuildPhase section */
		0B485AC11DF69C8100849902 /* Frameworks */ = {
			isa = PBXFrameworksBuildPhase;
			buildActionMask = 2147483647;
			files = (
				0B485AC91DF69C8100849902 /* TPGSwift.framework in Frameworks */,
			);
			runOnlyForDeploymentPostprocessing = 0;
		};
		0B485AD41DF69DB800849902 /* Frameworks */ = {
			isa = PBXFrameworksBuildPhase;
			buildActionMask = 2147483647;
			files = (
				0B485ADC1DF69DB800849902 /* TPGSwift.framework in Frameworks */,
			);
			runOnlyForDeploymentPostprocessing = 0;
		};
		0B485AE31DF69DC800849902 /* Frameworks */ = {
			isa = PBXFrameworksBuildPhase;
			buildActionMask = 2147483647;
			files = (
				0B485AEB1DF69DC800849902 /* TPGSwift.framework in Frameworks */,
			);
			runOnlyForDeploymentPostprocessing = 0;
		};
		0BCAD4A31D2EA3FD00C3FDC4 /* Frameworks */ = {
			isa = PBXFrameworksBuildPhase;
			buildActionMask = 2147483647;
			files = (
			);
			runOnlyForDeploymentPostprocessing = 0;
		};
		0BCAD4B01D2EA46500C3FDC4 /* Frameworks */ = {
			isa = PBXFrameworksBuildPhase;
			buildActionMask = 2147483647;
			files = (
			);
			runOnlyForDeploymentPostprocessing = 0;
		};
		0BCAD4BD1D2EA4BF00C3FDC4 /* Frameworks */ = {
			isa = PBXFrameworksBuildPhase;
			buildActionMask = 2147483647;
			files = (
			);
			runOnlyForDeploymentPostprocessing = 0;
		};
/* End PBXFrameworksBuildPhase section */

/* Begin PBXGroup section */
		0B58FC0A1DF5FE61002301DB /* fastlane */ = {
			isa = PBXGroup;
			children = (
				0B58FC131DF5FE61002301DB /* Fastfile */,
			);
			path = fastlane;
			sourceTree = "<group>";
		};
		0B58FC1B1DF60215002301DB /* utility */ = {
			isa = PBXGroup;
			children = (
				0B58FC1C1DF60215002301DB /* publish-doc.sh */,
			);
			path = utility;
			sourceTree = "<group>";
		};
		0B7CD8941CE332CA00958468 = {
			isa = PBXGroup;
			children = (
				0B58FC1B1DF60215002301DB /* utility */,
				0B58FC191DF5FF8D002301DB /* .gitignore */,
				0B58FC1A1DF5FFCC002301DB /* Gemfile */,
				0B58FC0A1DF5FE61002301DB /* fastlane */,
				0B58FC051DF5FCB0002301DB /* README.md */,
				0BCAD4831D2EA0F700C3FDC4 /* TPGSwift.podspec */,
				0B91355C1D0AF1F800D70411 /* Package.swift */,
				0BD0D3D71CE4671800375C8C /* LICENSE */,
				0BD0D3D81CE4671800375C8C /* README.md */,
				0B263E301F9408410049443A /* CHANGELOG.md */,
				0B5B82D51CE39DAD009BBD8F /* .travis.yml */,
				0B237D3C1CE37CBF006AD14C /* .gitignore */,
				0B7CD8BB1CE3345800958468 /* .swiftlint.yml */,
				0BCAD4851D2EA22000C3FDC4 /* Sources */,
				0BF642111F0C2D0B003CE540 /* Tests */,
				0B7CD89F1CE332CA00958468 /* Products */,
			);
			sourceTree = "<group>";
		};
		0B7CD89F1CE332CA00958468 /* Products */ = {
			isa = PBXGroup;
			children = (
				0B7CD89E1CE332CA00958468 /* TPGSwift.framework */,
				0BCAD4A71D2EA3FD00C3FDC4 /* TPGSwift.framework */,
				0BCAD4B41D2EA46500C3FDC4 /* TPGSwift.framework */,
				0BCAD4C11D2EA4BF00C3FDC4 /* TPGSwift.framework */,
				0B485AC41DF69C8100849902 /* TPGSwiftTests.xctest */,
				0B485AD71DF69DB800849902 /* TPGSwiftTests-tvOS.xctest */,
				0B485AE61DF69DC800849902 /* TPGSwiftTests-macOS.xctest */,
			);
			name = Products;
			sourceTree = "<group>";
		};
		0BCAD4851D2EA22000C3FDC4 /* Sources */ = {
			isa = PBXGroup;
			children = (
				0BCAD4861D2EA22000C3FDC4 /* API.swift */,
				0BCAD4871D2EA22000C3FDC4 /* APICommons.swift */,
				0BCAD4881D2EA22000C3FDC4 /* APIURLSerialization.swift */,
				0BCAD4891D2EA22000C3FDC4 /* Info.plist */,
				0BCAD48A1D2EA22000C3FDC4 /* Connection.swift */,
				0BCAD48B1D2EA22000C3FDC4 /* Coordinates.swift */,
				0BCAD48C1D2EA22000C3FDC4 /* Deviation.swift */,
				0BCAD48D1D2EA22000C3FDC4 /* Disruption.swift */,
				0BCAD48E1D2EA22000C3FDC4 /* LineColor.swift */,
				0BCAD48F1D2EA22000C3FDC4 /* NextDepartures.swift */,
				0BCAD4901D2EA22000C3FDC4 /* PhysicalStop.swift */,
				0BCAD4911D2EA22000C3FDC4 /* Stop.swift */,
				0BCAD4921D2EA22000C3FDC4 /* Thermometer.swift */,
				0BCAD4931D2EA22000C3FDC4 /* TPGSwift.h */,
				0B2950161F0AA5AD007CD911 /* Record.swift */,
				0B278A851F0CE69D003D82B7 /* ErrorCode.swift */,
			);
			path = Sources;
			sourceTree = "<group>";
		};
		0BF642111F0C2D0B003CE540 /* Tests */ = {
			isa = PBXGroup;
			children = (
				0BF642121F0C2D0B003CE540 /* api_samples.bundle */,
				0BF642131F0C2D0B003CE540 /* Decodable.swift */,
				0B278A7B1F0CD604003D82B7 /* ColorsTest.swift */,
				0B278A811F0CDC6F003D82B7 /* URLSerialization.swift */,
				0BF642141F0C2D0B003CE540 /* Info.plist */,
			);
			path = Tests;
			sourceTree = "<group>";
		};
/* End PBXGroup section */

/* Begin PBXHeadersBuildPhase section */
		0B7CD89B1CE332CA00958468 /* Headers */ = {
			isa = PBXHeadersBuildPhase;
			buildActionMask = 2147483647;
			files = (
				0BCAD4A11D2EA22000C3FDC4 /* TPGSwift.h in Headers */,
			);
			runOnlyForDeploymentPostprocessing = 0;
		};
		0BCAD4A41D2EA3FD00C3FDC4 /* Headers */ = {
			isa = PBXHeadersBuildPhase;
			buildActionMask = 2147483647;
			files = (
				0BCAD4EF1D2EA55300C3FDC4 /* TPGSwift.h in Headers */,
			);
			runOnlyForDeploymentPostprocessing = 0;
		};
		0BCAD4B11D2EA46500C3FDC4 /* Headers */ = {
			isa = PBXHeadersBuildPhase;
			buildActionMask = 2147483647;
			files = (
				0BCAD4EE1D2EA55300C3FDC4 /* TPGSwift.h in Headers */,
			);
			runOnlyForDeploymentPostprocessing = 0;
		};
		0BCAD4BE1D2EA4BF00C3FDC4 /* Headers */ = {
			isa = PBXHeadersBuildPhase;
			buildActionMask = 2147483647;
			files = (
				0BCAD4ED1D2EA55200C3FDC4 /* TPGSwift.h in Headers */,
			);
			runOnlyForDeploymentPostprocessing = 0;
		};
/* End PBXHeadersBuildPhase section */

/* Begin PBXNativeTarget section */
		0B485AC31DF69C8100849902 /* TPGSwiftTests-iOS */ = {
			isa = PBXNativeTarget;
			buildConfigurationList = 0B485ACE1DF69C8100849902 /* Build configuration list for PBXNativeTarget "TPGSwiftTests-iOS" */;
			buildPhases = (
				0B485AC01DF69C8100849902 /* Sources */,
				0B485AC11DF69C8100849902 /* Frameworks */,
				0B485AC21DF69C8100849902 /* Resources */,
			);
			buildRules = (
			);
			dependencies = (
				0B485ACB1DF69C8100849902 /* PBXTargetDependency */,
			);
			name = "TPGSwiftTests-iOS";
			productName = TPGSwiftTests;
			productReference = 0B485AC41DF69C8100849902 /* TPGSwiftTests.xctest */;
			productType = "com.apple.product-type.bundle.unit-test";
		};
		0B485AD61DF69DB800849902 /* TPGSwiftTests-tvOS */ = {
			isa = PBXNativeTarget;
			buildConfigurationList = 0B485ADF1DF69DB800849902 /* Build configuration list for PBXNativeTarget "TPGSwiftTests-tvOS" */;
			buildPhases = (
				0B485AD31DF69DB800849902 /* Sources */,
				0B485AD41DF69DB800849902 /* Frameworks */,
				0B485AD51DF69DB800849902 /* Resources */,
			);
			buildRules = (
			);
			dependencies = (
				0B485ADE1DF69DB800849902 /* PBXTargetDependency */,
			);
			name = "TPGSwiftTests-tvOS";
			productName = "TPGSwiftTests-tvOS";
			productReference = 0B485AD71DF69DB800849902 /* TPGSwiftTests-tvOS.xctest */;
			productType = "com.apple.product-type.bundle.unit-test";
		};
		0B485AE51DF69DC800849902 /* TPGSwiftTests-macOS */ = {
			isa = PBXNativeTarget;
			buildConfigurationList = 0B485AEE1DF69DC800849902 /* Build configuration list for PBXNativeTarget "TPGSwiftTests-macOS" */;
			buildPhases = (
				0B485AE21DF69DC800849902 /* Sources */,
				0B485AE31DF69DC800849902 /* Frameworks */,
				0B485AE41DF69DC800849902 /* Resources */,
			);
			buildRules = (
			);
			dependencies = (
				0B485AED1DF69DC800849902 /* PBXTargetDependency */,
			);
			name = "TPGSwiftTests-macOS";
			productName = "TPGSwiftTests-macOS";
			productReference = 0B485AE61DF69DC800849902 /* TPGSwiftTests-macOS.xctest */;
			productType = "com.apple.product-type.bundle.unit-test";
		};
		0B7CD89D1CE332CA00958468 /* TPGSwift-iOS */ = {
			isa = PBXNativeTarget;
			buildConfigurationList = 0B7CD8B21CE332CA00958468 /* Build configuration list for PBXNativeTarget "TPGSwift-iOS" */;
			buildPhases = (
				0B7CD8991CE332CA00958468 /* Sources */,
				0B7CD89B1CE332CA00958468 /* Headers */,
				0B7CD8BD1CE3348B00958468 /* Swiftlint */,
			);
			buildRules = (
			);
			dependencies = (
			);
			name = "TPGSwift-iOS";
			productName = TPGSwift;
			productReference = 0B7CD89E1CE332CA00958468 /* TPGSwift.framework */;
			productType = "com.apple.product-type.framework";
		};
		0BCAD4A61D2EA3FD00C3FDC4 /* TPGSwift-watchOS */ = {
			isa = PBXNativeTarget;
			buildConfigurationList = 0BCAD4AE1D2EA3FD00C3FDC4 /* Build configuration list for PBXNativeTarget "TPGSwift-watchOS" */;
			buildPhases = (
				0BCAD4A21D2EA3FD00C3FDC4 /* Sources */,
				0BCAD4A31D2EA3FD00C3FDC4 /* Frameworks */,
				0BCAD4A41D2EA3FD00C3FDC4 /* Headers */,
				0BCAD4A51D2EA3FD00C3FDC4 /* Resources */,
			);
			buildRules = (
			);
			dependencies = (
			);
			name = "TPGSwift-watchOS";
			productName = TPGSwiftWatch;
			productReference = 0BCAD4A71D2EA3FD00C3FDC4 /* TPGSwift.framework */;
			productType = "com.apple.product-type.framework";
		};
		0BCAD4B31D2EA46500C3FDC4 /* TPGSwift-tvOS */ = {
			isa = PBXNativeTarget;
			buildConfigurationList = 0BCAD4B91D2EA46500C3FDC4 /* Build configuration list for PBXNativeTarget "TPGSwift-tvOS" */;
			buildPhases = (
				0BCAD4AF1D2EA46500C3FDC4 /* Sources */,
				0BCAD4B01D2EA46500C3FDC4 /* Frameworks */,
				0BCAD4B11D2EA46500C3FDC4 /* Headers */,
				0BCAD4B21D2EA46500C3FDC4 /* Resources */,
			);
			buildRules = (
			);
			dependencies = (
			);
			name = "TPGSwift-tvOS";
			productName = TPGSwiftTv;
			productReference = 0BCAD4B41D2EA46500C3FDC4 /* TPGSwift.framework */;
			productType = "com.apple.product-type.framework";
		};
		0BCAD4C01D2EA4BF00C3FDC4 /* TPGSwift-macOS */ = {
			isa = PBXNativeTarget;
			buildConfigurationList = 0BCAD4C61D2EA4BF00C3FDC4 /* Build configuration list for PBXNativeTarget "TPGSwift-macOS" */;
			buildPhases = (
				0BCAD4BC1D2EA4BF00C3FDC4 /* Sources */,
				0BCAD4BD1D2EA4BF00C3FDC4 /* Frameworks */,
				0BCAD4BE1D2EA4BF00C3FDC4 /* Headers */,
				0BCAD4BF1D2EA4BF00C3FDC4 /* Resources */,
				0B278A7F1F0CD976003D82B7 /* SwiftLint */,
			);
			buildRules = (
			);
			dependencies = (
			);
			name = "TPGSwift-macOS";
			productName = TPGSwiftOSX;
			productReference = 0BCAD4C11D2EA4BF00C3FDC4 /* TPGSwift.framework */;
			productType = "com.apple.product-type.framework";
		};
/* End PBXNativeTarget section */

/* Begin PBXProject section */
		0B7CD8951CE332CA00958468 /* Project object */ = {
			isa = PBXProject;
			attributes = {
				LastSwiftUpdateCheck = 0810;
				LastUpgradeCheck = 0900;
				ORGANIZATIONNAME = "yageek's company";
				TargetAttributes = {
					0B485AC31DF69C8100849902 = {
						CreatedOnToolsVersion = 8.1;
						ProvisioningStyle = Manual;
					};
					0B485AD61DF69DB800849902 = {
						CreatedOnToolsVersion = 8.1;
						DevelopmentTeam = 5VGYH76875;
						ProvisioningStyle = Automatic;
					};
					0B485AE51DF69DC800849902 = {
						CreatedOnToolsVersion = 8.1;
						DevelopmentTeam = 5VGYH76875;
						LastSwiftMigration = 0900;
						ProvisioningStyle = Automatic;
					};
					0B7CD89D1CE332CA00958468 = {
						CreatedOnToolsVersion = 7.3.1;
						LastSwiftMigration = 0800;
					};
					0BCAD4A61D2EA3FD00C3FDC4 = {
						CreatedOnToolsVersion = 7.3.1;
					};
					0BCAD4B31D2EA46500C3FDC4 = {
						CreatedOnToolsVersion = 7.3.1;
					};
					0BCAD4C01D2EA4BF00C3FDC4 = {
						CreatedOnToolsVersion = 7.3.1;
						LastSwiftMigration = 0900;
					};
				};
			};
			buildConfigurationList = 0B7CD8981CE332CA00958468 /* Build configuration list for PBXProject "TPGSwift" */;
			compatibilityVersion = "Xcode 3.2";
			developmentRegion = English;
			hasScannedForEncodings = 0;
			knownRegions = (
				en,
			);
			mainGroup = 0B7CD8941CE332CA00958468;
			productRefGroup = 0B7CD89F1CE332CA00958468 /* Products */;
			projectDirPath = "";
			projectRoot = "";
			targets = (
				0B7CD89D1CE332CA00958468 /* TPGSwift-iOS */,
				0BCAD4A61D2EA3FD00C3FDC4 /* TPGSwift-watchOS */,
				0BCAD4B31D2EA46500C3FDC4 /* TPGSwift-tvOS */,
				0BCAD4C01D2EA4BF00C3FDC4 /* TPGSwift-macOS */,
				0B485AC31DF69C8100849902 /* TPGSwiftTests-iOS */,
				0B485AD61DF69DB800849902 /* TPGSwiftTests-tvOS */,
				0B485AE51DF69DC800849902 /* TPGSwiftTests-macOS */,
			);
		};
/* End PBXProject section */

/* Begin PBXResourcesBuildPhase section */
		0B485AC21DF69C8100849902 /* Resources */ = {
			isa = PBXResourcesBuildPhase;
			buildActionMask = 2147483647;
			files = (
				0BF6421A1F0C2EDF003CE540 /* api_samples.bundle in Resources */,
			);
			runOnlyForDeploymentPostprocessing = 0;
		};
		0B485AD51DF69DB800849902 /* Resources */ = {
			isa = PBXResourcesBuildPhase;
			buildActionMask = 2147483647;
			files = (
				0BF6421B1F0C2EE0003CE540 /* api_samples.bundle in Resources */,
			);
			runOnlyForDeploymentPostprocessing = 0;
		};
		0B485AE41DF69DC800849902 /* Resources */ = {
			isa = PBXResourcesBuildPhase;
			buildActionMask = 2147483647;
			files = (
				0BF6421C1F0C2EE1003CE540 /* api_samples.bundle in Resources */,
			);
			runOnlyForDeploymentPostprocessing = 0;
		};
		0BCAD4A51D2EA3FD00C3FDC4 /* Resources */ = {
			isa = PBXResourcesBuildPhase;
			buildActionMask = 2147483647;
			files = (
			);
			runOnlyForDeploymentPostprocessing = 0;
		};
		0BCAD4B21D2EA46500C3FDC4 /* Resources */ = {
			isa = PBXResourcesBuildPhase;
			buildActionMask = 2147483647;
			files = (
			);
			runOnlyForDeploymentPostprocessing = 0;
		};
		0BCAD4BF1D2EA4BF00C3FDC4 /* Resources */ = {
			isa = PBXResourcesBuildPhase;
			buildActionMask = 2147483647;
			files = (
			);
			runOnlyForDeploymentPostprocessing = 0;
		};
/* End PBXResourcesBuildPhase section */

/* Begin PBXShellScriptBuildPhase section */
		0B278A7F1F0CD976003D82B7 /* SwiftLint */ = {
			isa = PBXShellScriptBuildPhase;
			buildActionMask = 8;
			files = (
			);
			inputPaths = (
			);
			name = SwiftLint;
			outputPaths = (
			);
			runOnlyForDeploymentPostprocessing = 1;
			shellPath = /bin/sh;
			shellScript = "if which swiftlint >/dev/null; then\nswiftlint\nelse\necho \"warning: SwiftLint not installed, download from https://github.com/realm/SwiftLint\"\nfi";
		};
		0B7CD8BD1CE3348B00958468 /* Swiftlint */ = {
			isa = PBXShellScriptBuildPhase;
			buildActionMask = 2147483647;
			files = (
			);
			inputPaths = (
			);
			name = Swiftlint;
			outputPaths = (
			);
			runOnlyForDeploymentPostprocessing = 0;
			shellPath = /bin/zsh;
			shellScript = "if which swiftlint >/dev/null; then\nswiftlint\nelse\necho \"warning: SwiftLint not installed, download from https://github.com/realm/SwiftLint\"\nfi";
		};
/* End PBXShellScriptBuildPhase section */

/* Begin PBXSourcesBuildPhase section */
		0B485AC01DF69C8100849902 /* Sources */ = {
			isa = PBXSourcesBuildPhase;
			buildActionMask = 2147483647;
			files = (
				0BF642171F0C2D19003CE540 /* Decodable.swift in Sources */,
				0B278A821F0CDC6F003D82B7 /* URLSerialization.swift in Sources */,
				0B278A7C1F0CD604003D82B7 /* ColorsTest.swift in Sources */,
			);
			runOnlyForDeploymentPostprocessing = 0;
		};
		0B485AD31DF69DB800849902 /* Sources */ = {
			isa = PBXSourcesBuildPhase;
			buildActionMask = 2147483647;
			files = (
				0BF642181F0C2D1A003CE540 /* Decodable.swift in Sources */,
				0B278A831F0CDC6F003D82B7 /* URLSerialization.swift in Sources */,
				0B278A7D1F0CD608003D82B7 /* ColorsTest.swift in Sources */,
			);
			runOnlyForDeploymentPostprocessing = 0;
		};
		0B485AE21DF69DC800849902 /* Sources */ = {
			isa = PBXSourcesBuildPhase;
			buildActionMask = 2147483647;
			files = (
				0BF642191F0C2D1A003CE540 /* Decodable.swift in Sources */,
				0B278A841F0CDC6F003D82B7 /* URLSerialization.swift in Sources */,
				0B278A7E1F0CD609003D82B7 /* ColorsTest.swift in Sources */,
			);
			runOnlyForDeploymentPostprocessing = 0;
		};
		0B7CD8991CE332CA00958468 /* Sources */ = {
			isa = PBXSourcesBuildPhase;
			buildActionMask = 2147483647;
			files = (
				0BCAD4981D2EA22000C3FDC4 /* Connection.swift in Sources */,
				0BCAD49D1D2EA22000C3FDC4 /* NextDepartures.swift in Sources */,
				0BCAD4991D2EA22000C3FDC4 /* Coordinates.swift in Sources */,
				0B278A861F0CE69D003D82B7 /* ErrorCode.swift in Sources */,
				0BCAD49A1D2EA22000C3FDC4 /* Deviation.swift in Sources */,
				0BCAD49F1D2EA22000C3FDC4 /* Stop.swift in Sources */,
				0BCAD49E1D2EA22000C3FDC4 /* PhysicalStop.swift in Sources */,
				0BCAD49C1D2EA22000C3FDC4 /* LineColor.swift in Sources */,
				0B2950171F0AA5AD007CD911 /* Record.swift in Sources */,
				0BCAD4961D2EA22000C3FDC4 /* APIURLSerialization.swift in Sources */,
				0BCAD4941D2EA22000C3FDC4 /* API.swift in Sources */,
				0BCAD4A01D2EA22000C3FDC4 /* Thermometer.swift in Sources */,
				0BCAD49B1D2EA22000C3FDC4 /* Disruption.swift in Sources */,
				0BCAD4951D2EA22000C3FDC4 /* APICommons.swift in Sources */,
			);
			runOnlyForDeploymentPostprocessing = 0;
		};
		0BCAD4A21D2EA3FD00C3FDC4 /* Sources */ = {
			isa = PBXSourcesBuildPhase;
			buildActionMask = 2147483647;
			files = (
				0BCAD4E41D2EA54D00C3FDC4 /* Connection.swift in Sources */,
				0BCAD4E91D2EA54D00C3FDC4 /* NextDepartures.swift in Sources */,
				0BCAD4E51D2EA54D00C3FDC4 /* Coordinates.swift in Sources */,
				0B278A871F0CE69D003D82B7 /* ErrorCode.swift in Sources */,
				0BCAD4E61D2EA54D00C3FDC4 /* Deviation.swift in Sources */,
				0BCAD4EB1D2EA54D00C3FDC4 /* Stop.swift in Sources */,
				0BCAD4EA1D2EA54D00C3FDC4 /* PhysicalStop.swift in Sources */,
				0BCAD4E81D2EA54D00C3FDC4 /* LineColor.swift in Sources */,
				0B2950181F0AA5AD007CD911 /* Record.swift in Sources */,
				0BCAD4E31D2EA54D00C3FDC4 /* APIURLSerialization.swift in Sources */,
				0BCAD4E11D2EA54D00C3FDC4 /* API.swift in Sources */,
				0BCAD4EC1D2EA54D00C3FDC4 /* Thermometer.swift in Sources */,
				0BCAD4E71D2EA54D00C3FDC4 /* Disruption.swift in Sources */,
				0BCAD4E21D2EA54D00C3FDC4 /* APICommons.swift in Sources */,
			);
			runOnlyForDeploymentPostprocessing = 0;
		};
		0BCAD4AF1D2EA46500C3FDC4 /* Sources */ = {
			isa = PBXSourcesBuildPhase;
			buildActionMask = 2147483647;
			files = (
				0BCAD4D81D2EA54C00C3FDC4 /* Connection.swift in Sources */,
				0BCAD4DD1D2EA54C00C3FDC4 /* NextDepartures.swift in Sources */,
				0BCAD4D91D2EA54C00C3FDC4 /* Coordinates.swift in Sources */,
				0B278A881F0CE69D003D82B7 /* ErrorCode.swift in Sources */,
				0BCAD4DA1D2EA54C00C3FDC4 /* Deviation.swift in Sources */,
				0BCAD4DF1D2EA54C00C3FDC4 /* Stop.swift in Sources */,
				0BCAD4DE1D2EA54C00C3FDC4 /* PhysicalStop.swift in Sources */,
				0BCAD4DC1D2EA54C00C3FDC4 /* LineColor.swift in Sources */,
				0B2950191F0AA5AD007CD911 /* Record.swift in Sources */,
				0BCAD4D71D2EA54C00C3FDC4 /* APIURLSerialization.swift in Sources */,
				0BCAD4D51D2EA54C00C3FDC4 /* API.swift in Sources */,
				0BCAD4E01D2EA54C00C3FDC4 /* Thermometer.swift in Sources */,
				0BCAD4DB1D2EA54C00C3FDC4 /* Disruption.swift in Sources */,
				0BCAD4D61D2EA54C00C3FDC4 /* APICommons.swift in Sources */,
			);
			runOnlyForDeploymentPostprocessing = 0;
		};
		0BCAD4BC1D2EA4BF00C3FDC4 /* Sources */ = {
			isa = PBXSourcesBuildPhase;
			buildActionMask = 2147483647;
			files = (
				0BCAD4CC1D2EA54C00C3FDC4 /* Connection.swift in Sources */,
				0BCAD4D11D2EA54C00C3FDC4 /* NextDepartures.swift in Sources */,
				0BCAD4CD1D2EA54C00C3FDC4 /* Coordinates.swift in Sources */,
				0B278A891F0CE69D003D82B7 /* ErrorCode.swift in Sources */,
				0BCAD4CE1D2EA54C00C3FDC4 /* Deviation.swift in Sources */,
				0BCAD4D31D2EA54C00C3FDC4 /* Stop.swift in Sources */,
				0BCAD4D21D2EA54C00C3FDC4 /* PhysicalStop.swift in Sources */,
				0BCAD4D01D2EA54C00C3FDC4 /* LineColor.swift in Sources */,
				0B29501A1F0AA5AD007CD911 /* Record.swift in Sources */,
				0BCAD4CB1D2EA54C00C3FDC4 /* APIURLSerialization.swift in Sources */,
				0BCAD4C91D2EA54C00C3FDC4 /* API.swift in Sources */,
				0BCAD4D41D2EA54C00C3FDC4 /* Thermometer.swift in Sources */,
				0BCAD4CF1D2EA54C00C3FDC4 /* Disruption.swift in Sources */,
				0BCAD4CA1D2EA54C00C3FDC4 /* APICommons.swift in Sources */,
			);
			runOnlyForDeploymentPostprocessing = 0;
		};
/* End PBXSourcesBuildPhase section */

/* Begin PBXTargetDependency section */
		0B485ACB1DF69C8100849902 /* PBXTargetDependency */ = {
			isa = PBXTargetDependency;
			target = 0B7CD89D1CE332CA00958468 /* TPGSwift-iOS */;
			targetProxy = 0B485ACA1DF69C8100849902 /* PBXContainerItemProxy */;
		};
		0B485ADE1DF69DB800849902 /* PBXTargetDependency */ = {
			isa = PBXTargetDependency;
			target = 0BCAD4B31D2EA46500C3FDC4 /* TPGSwift-tvOS */;
			targetProxy = 0B485ADD1DF69DB800849902 /* PBXContainerItemProxy */;
		};
		0B485AED1DF69DC800849902 /* PBXTargetDependency */ = {
			isa = PBXTargetDependency;
			target = 0BCAD4C01D2EA4BF00C3FDC4 /* TPGSwift-macOS */;
			targetProxy = 0B485AEC1DF69DC800849902 /* PBXContainerItemProxy */;
		};
/* End PBXTargetDependency section */

/* Begin XCBuildConfiguration section */
		0B485ACC1DF69C8100849902 /* Debug */ = {
			isa = XCBuildConfiguration;
			buildSettings = {
				CLANG_WARN_DOCUMENTATION_COMMENTS = YES;
				CLANG_WARN_SUSPICIOUS_MOVES = YES;
				DEVELOPMENT_TEAM = "";
				INFOPLIST_FILE = Tests/Info.plist;
				IPHONEOS_DEPLOYMENT_TARGET = 10.1;
				LD_RUNPATH_SEARCH_PATHS = "$(inherited) @executable_path/Frameworks @loader_path/Frameworks";
				PRODUCT_BUNDLE_IDENTIFIER = net.yageek.TPGSwiftTests;
				PRODUCT_NAME = TPGSwiftTests;
				SWIFT_ACTIVE_COMPILATION_CONDITIONS = DEBUG;
				SWIFT_SWIFT3_OBJC_INFERENCE = Off;
				SWIFT_VERSION = 4.0;
			};
			name = Debug;
		};
		0B485ACD1DF69C8100849902 /* Release */ = {
			isa = XCBuildConfiguration;
			buildSettings = {
				CLANG_WARN_DOCUMENTATION_COMMENTS = YES;
				CLANG_WARN_SUSPICIOUS_MOVES = YES;
				DEVELOPMENT_TEAM = "";
				INFOPLIST_FILE = Tests/Info.plist;
				IPHONEOS_DEPLOYMENT_TARGET = 10.1;
				LD_RUNPATH_SEARCH_PATHS = "$(inherited) @executable_path/Frameworks @loader_path/Frameworks";
				PRODUCT_BUNDLE_IDENTIFIER = net.yageek.TPGSwiftTests;
				PRODUCT_NAME = TPGSwiftTests;
				SWIFT_SWIFT3_OBJC_INFERENCE = Off;
				SWIFT_VERSION = 4.0;
			};
			name = Release;
		};
		0B485AE01DF69DB800849902 /* Debug */ = {
			isa = XCBuildConfiguration;
			buildSettings = {
				CLANG_WARN_DOCUMENTATION_COMMENTS = YES;
				CLANG_WARN_SUSPICIOUS_MOVES = YES;
				DEVELOPMENT_TEAM = 5VGYH76875;
				INFOPLIST_FILE = Tests/Info.plist;
				LD_RUNPATH_SEARCH_PATHS = "$(inherited) @executable_path/Frameworks @loader_path/Frameworks";
				PRODUCT_BUNDLE_IDENTIFIER = net.yageek.TPGSwiftTests;
				PRODUCT_NAME = "$(TARGET_NAME)";
				SDKROOT = appletvos;
				SWIFT_ACTIVE_COMPILATION_CONDITIONS = DEBUG;
				SWIFT_SWIFT3_OBJC_INFERENCE = Off;
				SWIFT_VERSION = 4.0;
				TVOS_DEPLOYMENT_TARGET = 10.0;
			};
			name = Debug;
		};
		0B485AE11DF69DB800849902 /* Release */ = {
			isa = XCBuildConfiguration;
			buildSettings = {
				CLANG_WARN_DOCUMENTATION_COMMENTS = YES;
				CLANG_WARN_SUSPICIOUS_MOVES = YES;
				DEVELOPMENT_TEAM = 5VGYH76875;
				INFOPLIST_FILE = Tests/Info.plist;
				LD_RUNPATH_SEARCH_PATHS = "$(inherited) @executable_path/Frameworks @loader_path/Frameworks";
				PRODUCT_BUNDLE_IDENTIFIER = net.yageek.TPGSwiftTests;
				PRODUCT_NAME = "$(TARGET_NAME)";
				SDKROOT = appletvos;
				SWIFT_SWIFT3_OBJC_INFERENCE = Off;
				SWIFT_VERSION = 4.0;
				TVOS_DEPLOYMENT_TARGET = 10.0;
			};
			name = Release;
		};
		0B485AEF1DF69DC800849902 /* Debug */ = {
			isa = XCBuildConfiguration;
			buildSettings = {
				CLANG_WARN_DOCUMENTATION_COMMENTS = YES;
				CLANG_WARN_SUSPICIOUS_MOVES = YES;
				CODE_SIGN_IDENTITY = "-";
				COMBINE_HIDPI_IMAGES = YES;
				DEVELOPMENT_TEAM = 5VGYH76875;
				INFOPLIST_FILE = Tests/Info.plist;
				LD_RUNPATH_SEARCH_PATHS = "$(inherited) @executable_path/../Frameworks @loader_path/../Frameworks";
				MACOSX_DEPLOYMENT_TARGET = 10.12;
				PRODUCT_BUNDLE_IDENTIFIER = net.yageek.TPGSwiftTests;
				PRODUCT_NAME = "$(TARGET_NAME)";
				SDKROOT = macosx;
				SWIFT_ACTIVE_COMPILATION_CONDITIONS = DEBUG;
				SWIFT_SWIFT3_OBJC_INFERENCE = On;
				SWIFT_VERSION = 4.0;
			};
			name = Debug;
		};
		0B485AF01DF69DC800849902 /* Release */ = {
			isa = XCBuildConfiguration;
			buildSettings = {
				CLANG_WARN_DOCUMENTATION_COMMENTS = YES;
				CLANG_WARN_SUSPICIOUS_MOVES = YES;
				CODE_SIGN_IDENTITY = "-";
				COMBINE_HIDPI_IMAGES = YES;
				DEVELOPMENT_TEAM = 5VGYH76875;
				INFOPLIST_FILE = Tests/Info.plist;
				LD_RUNPATH_SEARCH_PATHS = "$(inherited) @executable_path/../Frameworks @loader_path/../Frameworks";
				MACOSX_DEPLOYMENT_TARGET = 10.12;
				PRODUCT_BUNDLE_IDENTIFIER = net.yageek.TPGSwiftTests;
				PRODUCT_NAME = "$(TARGET_NAME)";
				SDKROOT = macosx;
				SWIFT_SWIFT3_OBJC_INFERENCE = On;
				SWIFT_VERSION = 4.0;
			};
			name = Release;
		};
		0B7CD8B01CE332CA00958468 /* Debug */ = {
			isa = XCBuildConfiguration;
			buildSettings = {
				ALWAYS_SEARCH_USER_PATHS = NO;
				CLANG_ANALYZER_NONNULL = YES;
				CLANG_CXX_LANGUAGE_STANDARD = "gnu++0x";
				CLANG_CXX_LIBRARY = "libc++";
				CLANG_ENABLE_MODULES = YES;
				CLANG_ENABLE_OBJC_ARC = YES;
				CLANG_WARN_BLOCK_CAPTURE_AUTORELEASING = YES;
				CLANG_WARN_BOOL_CONVERSION = YES;
				CLANG_WARN_COMMA = YES;
				CLANG_WARN_CONSTANT_CONVERSION = YES;
				CLANG_WARN_DIRECT_OBJC_ISA_USAGE = YES_ERROR;
				CLANG_WARN_EMPTY_BODY = YES;
				CLANG_WARN_ENUM_CONVERSION = YES;
				CLANG_WARN_INFINITE_RECURSION = YES;
				CLANG_WARN_INT_CONVERSION = YES;
				CLANG_WARN_NON_LITERAL_NULL_CONVERSION = YES;
				CLANG_WARN_OBJC_LITERAL_CONVERSION = YES;
				CLANG_WARN_OBJC_ROOT_CLASS = YES_ERROR;
				CLANG_WARN_RANGE_LOOP_ANALYSIS = YES;
				CLANG_WARN_STRICT_PROTOTYPES = YES;
				CLANG_WARN_SUSPICIOUS_MOVE = YES;
				CLANG_WARN_UNREACHABLE_CODE = YES;
				CLANG_WARN__DUPLICATE_METHOD_MATCH = YES;
				"CODE_SIGN_IDENTITY[sdk=iphoneos*]" = "iPhone Developer";
				COPY_PHASE_STRIP = NO;
				CURRENT_PROJECT_VERSION = 1;
				DEBUG_INFORMATION_FORMAT = dwarf;
				ENABLE_STRICT_OBJC_MSGSEND = YES;
				ENABLE_TESTABILITY = YES;
				GCC_C_LANGUAGE_STANDARD = gnu99;
				GCC_DYNAMIC_NO_PIC = NO;
				GCC_NO_COMMON_BLOCKS = YES;
				GCC_OPTIMIZATION_LEVEL = 0;
				GCC_PREPROCESSOR_DEFINITIONS = (
					"DEBUG=1",
					"$(inherited)",
				);
				GCC_WARN_64_TO_32_BIT_CONVERSION = YES;
				GCC_WARN_ABOUT_RETURN_TYPE = YES_ERROR;
				GCC_WARN_UNDECLARED_SELECTOR = YES;
				GCC_WARN_UNINITIALIZED_AUTOS = YES_AGGRESSIVE;
				GCC_WARN_UNUSED_FUNCTION = YES;
				GCC_WARN_UNUSED_VARIABLE = YES;
				IPHONEOS_DEPLOYMENT_TARGET = 9.3;
				MTL_ENABLE_DEBUG_INFO = YES;
				ONLY_ACTIVE_ARCH = YES;
				SDKROOT = iphoneos;
				SWIFT_OPTIMIZATION_LEVEL = "-Onone";
				TARGETED_DEVICE_FAMILY = "1,2";
				VERSIONING_SYSTEM = "apple-generic";
				VERSION_INFO_PREFIX = "";
			};
			name = Debug;
		};
		0B7CD8B11CE332CA00958468 /* Release */ = {
			isa = XCBuildConfiguration;
			buildSettings = {
				ALWAYS_SEARCH_USER_PATHS = NO;
				CLANG_ANALYZER_NONNULL = YES;
				CLANG_CXX_LANGUAGE_STANDARD = "gnu++0x";
				CLANG_CXX_LIBRARY = "libc++";
				CLANG_ENABLE_MODULES = YES;
				CLANG_ENABLE_OBJC_ARC = YES;
				CLANG_WARN_BLOCK_CAPTURE_AUTORELEASING = YES;
				CLANG_WARN_BOOL_CONVERSION = YES;
				CLANG_WARN_COMMA = YES;
				CLANG_WARN_CONSTANT_CONVERSION = YES;
				CLANG_WARN_DIRECT_OBJC_ISA_USAGE = YES_ERROR;
				CLANG_WARN_EMPTY_BODY = YES;
				CLANG_WARN_ENUM_CONVERSION = YES;
				CLANG_WARN_INFINITE_RECURSION = YES;
				CLANG_WARN_INT_CONVERSION = YES;
				CLANG_WARN_NON_LITERAL_NULL_CONVERSION = YES;
				CLANG_WARN_OBJC_LITERAL_CONVERSION = YES;
				CLANG_WARN_OBJC_ROOT_CLASS = YES_ERROR;
				CLANG_WARN_RANGE_LOOP_ANALYSIS = YES;
				CLANG_WARN_STRICT_PROTOTYPES = YES;
				CLANG_WARN_SUSPICIOUS_MOVE = YES;
				CLANG_WARN_UNREACHABLE_CODE = YES;
				CLANG_WARN__DUPLICATE_METHOD_MATCH = YES;
				"CODE_SIGN_IDENTITY[sdk=iphoneos*]" = "iPhone Developer";
				COPY_PHASE_STRIP = NO;
				CURRENT_PROJECT_VERSION = 1;
				DEBUG_INFORMATION_FORMAT = "dwarf-with-dsym";
				ENABLE_NS_ASSERTIONS = NO;
				ENABLE_STRICT_OBJC_MSGSEND = YES;
				GCC_C_LANGUAGE_STANDARD = gnu99;
				GCC_NO_COMMON_BLOCKS = YES;
				GCC_WARN_64_TO_32_BIT_CONVERSION = YES;
				GCC_WARN_ABOUT_RETURN_TYPE = YES_ERROR;
				GCC_WARN_UNDECLARED_SELECTOR = YES;
				GCC_WARN_UNINITIALIZED_AUTOS = YES_AGGRESSIVE;
				GCC_WARN_UNUSED_FUNCTION = YES;
				GCC_WARN_UNUSED_VARIABLE = YES;
				IPHONEOS_DEPLOYMENT_TARGET = 9.3;
				MTL_ENABLE_DEBUG_INFO = NO;
				SDKROOT = iphoneos;
				SWIFT_OPTIMIZATION_LEVEL = "-Owholemodule";
				TARGETED_DEVICE_FAMILY = "1,2";
				VALIDATE_PRODUCT = YES;
				VERSIONING_SYSTEM = "apple-generic";
				VERSION_INFO_PREFIX = "";
			};
			name = Release;
		};
		0B7CD8B31CE332CA00958468 /* Debug */ = {
			isa = XCBuildConfiguration;
			buildSettings = {
				CLANG_ENABLE_MODULES = YES;
				"CODE_SIGN_IDENTITY[sdk=iphoneos*]" = "";
				DEFINES_MODULE = YES;
				DYLIB_COMPATIBILITY_VERSION = 1;
				DYLIB_CURRENT_VERSION = 1;
				DYLIB_INSTALL_NAME_BASE = "@rpath";
				INFOPLIST_FILE = Sources/Info.plist;
				INSTALL_PATH = "$(LOCAL_LIBRARY_DIR)/Frameworks";
				IPHONEOS_DEPLOYMENT_TARGET = 8.0;
				LD_RUNPATH_SEARCH_PATHS = "$(inherited) @executable_path/Frameworks @loader_path/Frameworks";
				PRODUCT_BUNDLE_IDENTIFIER = net.yageek.TPGSwift;
				PRODUCT_NAME = TPGSwift;
				SKIP_INSTALL = YES;
				SWIFT_OPTIMIZATION_LEVEL = "-Onone";
				SWIFT_SWIFT3_OBJC_INFERENCE = Off;
				SWIFT_VERSION = 4.0;
			};
			name = Debug;
		};
		0B7CD8B41CE332CA00958468 /* Release */ = {
			isa = XCBuildConfiguration;
			buildSettings = {
				CLANG_ENABLE_MODULES = YES;
				"CODE_SIGN_IDENTITY[sdk=iphoneos*]" = "";
				DEFINES_MODULE = YES;
				DYLIB_COMPATIBILITY_VERSION = 1;
				DYLIB_CURRENT_VERSION = 1;
				DYLIB_INSTALL_NAME_BASE = "@rpath";
				INFOPLIST_FILE = Sources/Info.plist;
				INSTALL_PATH = "$(LOCAL_LIBRARY_DIR)/Frameworks";
				IPHONEOS_DEPLOYMENT_TARGET = 8.0;
				LD_RUNPATH_SEARCH_PATHS = "$(inherited) @executable_path/Frameworks @loader_path/Frameworks";
				PRODUCT_BUNDLE_IDENTIFIER = net.yageek.TPGSwift;
				PRODUCT_NAME = TPGSwift;
				SKIP_INSTALL = YES;
				SWIFT_SWIFT3_OBJC_INFERENCE = Off;
				SWIFT_VERSION = 4.0;
			};
			name = Release;
		};
		0BCAD4AC1D2EA3FD00C3FDC4 /* Debug */ = {
			isa = XCBuildConfiguration;
			buildSettings = {
				APPLICATION_EXTENSION_API_ONLY = YES;
				"CODE_SIGN_IDENTITY[sdk=watchos*]" = "";
				DEFINES_MODULE = YES;
				DYLIB_COMPATIBILITY_VERSION = 1;
				DYLIB_CURRENT_VERSION = 1;
				DYLIB_INSTALL_NAME_BASE = "@rpath";
				INFOPLIST_FILE = Sources/Info.plist;
				INSTALL_PATH = "$(LOCAL_LIBRARY_DIR)/Frameworks";
				LD_RUNPATH_SEARCH_PATHS = "$(inherited) @executable_path/Frameworks @loader_path/Frameworks";
				PRODUCT_BUNDLE_IDENTIFIER = net.yageek.TPGSwift;
				PRODUCT_NAME = TPGSwift;
				SDKROOT = watchos;
				SKIP_INSTALL = YES;
				SWIFT_SWIFT3_OBJC_INFERENCE = Off;
				SWIFT_VERSION = 4.0;
				TARGETED_DEVICE_FAMILY = 4;
				WATCHOS_DEPLOYMENT_TARGET = 2.0;
			};
			name = Debug;
		};
		0BCAD4AD1D2EA3FD00C3FDC4 /* Release */ = {
			isa = XCBuildConfiguration;
			buildSettings = {
				APPLICATION_EXTENSION_API_ONLY = YES;
				"CODE_SIGN_IDENTITY[sdk=watchos*]" = "";
				DEFINES_MODULE = YES;
				DYLIB_COMPATIBILITY_VERSION = 1;
				DYLIB_CURRENT_VERSION = 1;
				DYLIB_INSTALL_NAME_BASE = "@rpath";
				INFOPLIST_FILE = Sources/Info.plist;
				INSTALL_PATH = "$(LOCAL_LIBRARY_DIR)/Frameworks";
				LD_RUNPATH_SEARCH_PATHS = "$(inherited) @executable_path/Frameworks @loader_path/Frameworks";
				PRODUCT_BUNDLE_IDENTIFIER = net.yageek.TPGSwift;
				PRODUCT_NAME = TPGSwift;
				SDKROOT = watchos;
				SKIP_INSTALL = YES;
				SWIFT_SWIFT3_OBJC_INFERENCE = Off;
				SWIFT_VERSION = 4.0;
				TARGETED_DEVICE_FAMILY = 4;
				WATCHOS_DEPLOYMENT_TARGET = 2.0;
			};
			name = Release;
		};
		0BCAD4BA1D2EA46500C3FDC4 /* Debug */ = {
			isa = XCBuildConfiguration;
			buildSettings = {
				"CODE_SIGN_IDENTITY[sdk=appletvos*]" = "";
				DEFINES_MODULE = YES;
				DYLIB_COMPATIBILITY_VERSION = 1;
				DYLIB_CURRENT_VERSION = 1;
				DYLIB_INSTALL_NAME_BASE = "@rpath";
				INFOPLIST_FILE = Sources/Info.plist;
				INSTALL_PATH = "$(LOCAL_LIBRARY_DIR)/Frameworks";
				LD_RUNPATH_SEARCH_PATHS = "$(inherited) @executable_path/Frameworks @loader_path/Frameworks";
				PRODUCT_BUNDLE_IDENTIFIER = net.yageek.TPGSwift;
				PRODUCT_NAME = TPGSwift;
				SDKROOT = appletvos;
				SKIP_INSTALL = YES;
				SWIFT_SWIFT3_OBJC_INFERENCE = Off;
				SWIFT_VERSION = 4.0;
				TARGETED_DEVICE_FAMILY = 3;
				TVOS_DEPLOYMENT_TARGET = 9.0;
			};
			name = Debug;
		};
		0BCAD4BB1D2EA46500C3FDC4 /* Release */ = {
			isa = XCBuildConfiguration;
			buildSettings = {
				"CODE_SIGN_IDENTITY[sdk=appletvos*]" = "";
				DEFINES_MODULE = YES;
				DYLIB_COMPATIBILITY_VERSION = 1;
				DYLIB_CURRENT_VERSION = 1;
				DYLIB_INSTALL_NAME_BASE = "@rpath";
				INFOPLIST_FILE = Sources/Info.plist;
				INSTALL_PATH = "$(LOCAL_LIBRARY_DIR)/Frameworks";
				LD_RUNPATH_SEARCH_PATHS = "$(inherited) @executable_path/Frameworks @loader_path/Frameworks";
				PRODUCT_BUNDLE_IDENTIFIER = net.yageek.TPGSwift;
				PRODUCT_NAME = TPGSwift;
				SDKROOT = appletvos;
				SKIP_INSTALL = YES;
				SWIFT_SWIFT3_OBJC_INFERENCE = Off;
				SWIFT_VERSION = 4.0;
				TARGETED_DEVICE_FAMILY = 3;
				TVOS_DEPLOYMENT_TARGET = 9.0;
			};
			name = Release;
		};
		0BCAD4C71D2EA4BF00C3FDC4 /* Debug */ = {
			isa = XCBuildConfiguration;
			buildSettings = {
				CODE_SIGN_IDENTITY = "";
				COMBINE_HIDPI_IMAGES = YES;
				DEFINES_MODULE = YES;
				DYLIB_COMPATIBILITY_VERSION = 1;
				DYLIB_CURRENT_VERSION = 1;
				DYLIB_INSTALL_NAME_BASE = "@rpath";
				FRAMEWORK_VERSION = A;
				INFOPLIST_FILE = Sources/Info.plist;
				INSTALL_PATH = "$(LOCAL_LIBRARY_DIR)/Frameworks";
				LD_RUNPATH_SEARCH_PATHS = "$(inherited) @executable_path/../Frameworks @loader_path/Frameworks";
				MACOSX_DEPLOYMENT_TARGET = 10.10;
				PRODUCT_BUNDLE_IDENTIFIER = net.yageek.TPGSwift;
				PRODUCT_NAME = TPGSwift;
				SDKROOT = macosx;
				SKIP_INSTALL = YES;
				SWIFT_SWIFT3_OBJC_INFERENCE = On;
				SWIFT_VERSION = 4.0;
			};
			name = Debug;
		};
		0BCAD4C81D2EA4BF00C3FDC4 /* Release */ = {
			isa = XCBuildConfiguration;
			buildSettings = {
				CODE_SIGN_IDENTITY = "";
				COMBINE_HIDPI_IMAGES = YES;
				DEFINES_MODULE = YES;
				DYLIB_COMPATIBILITY_VERSION = 1;
				DYLIB_CURRENT_VERSION = 1;
				DYLIB_INSTALL_NAME_BASE = "@rpath";
				FRAMEWORK_VERSION = A;
				INFOPLIST_FILE = Sources/Info.plist;
				INSTALL_PATH = "$(LOCAL_LIBRARY_DIR)/Frameworks";
				LD_RUNPATH_SEARCH_PATHS = "$(inherited) @executable_path/../Frameworks @loader_path/Frameworks";
				MACOSX_DEPLOYMENT_TARGET = 10.10;
				PRODUCT_BUNDLE_IDENTIFIER = net.yageek.TPGSwift;
				PRODUCT_NAME = TPGSwift;
				SDKROOT = macosx;
				SKIP_INSTALL = YES;
				SWIFT_SWIFT3_OBJC_INFERENCE = On;
				SWIFT_VERSION = 4.0;
			};
			name = Release;
		};
/* End XCBuildConfiguration section */

/* Begin XCConfigurationList section */
		0B485ACE1DF69C8100849902 /* Build configuration list for PBXNativeTarget "TPGSwiftTests-iOS" */ = {
			isa = XCConfigurationList;
			buildConfigurations = (
				0B485ACC1DF69C8100849902 /* Debug */,
				0B485ACD1DF69C8100849902 /* Release */,
			);
			defaultConfigurationIsVisible = 0;
			defaultConfigurationName = Release;
		};
		0B485ADF1DF69DB800849902 /* Build configuration list for PBXNativeTarget "TPGSwiftTests-tvOS" */ = {
			isa = XCConfigurationList;
			buildConfigurations = (
				0B485AE01DF69DB800849902 /* Debug */,
				0B485AE11DF69DB800849902 /* Release */,
			);
			defaultConfigurationIsVisible = 0;
			defaultConfigurationName = Release;
		};
		0B485AEE1DF69DC800849902 /* Build configuration list for PBXNativeTarget "TPGSwiftTests-macOS" */ = {
			isa = XCConfigurationList;
			buildConfigurations = (
				0B485AEF1DF69DC800849902 /* Debug */,
				0B485AF01DF69DC800849902 /* Release */,
			);
			defaultConfigurationIsVisible = 0;
			defaultConfigurationName = Release;
		};
		0B7CD8981CE332CA00958468 /* Build configuration list for PBXProject "TPGSwift" */ = {
			isa = XCConfigurationList;
			buildConfigurations = (
				0B7CD8B01CE332CA00958468 /* Debug */,
				0B7CD8B11CE332CA00958468 /* Release */,
			);
			defaultConfigurationIsVisible = 0;
			defaultConfigurationName = Release;
		};
		0B7CD8B21CE332CA00958468 /* Build configuration list for PBXNativeTarget "TPGSwift-iOS" */ = {
			isa = XCConfigurationList;
			buildConfigurations = (
				0B7CD8B31CE332CA00958468 /* Debug */,
				0B7CD8B41CE332CA00958468 /* Release */,
			);
			defaultConfigurationIsVisible = 0;
			defaultConfigurationName = Release;
		};
		0BCAD4AE1D2EA3FD00C3FDC4 /* Build configuration list for PBXNativeTarget "TPGSwift-watchOS" */ = {
			isa = XCConfigurationList;
			buildConfigurations = (
				0BCAD4AC1D2EA3FD00C3FDC4 /* Debug */,
				0BCAD4AD1D2EA3FD00C3FDC4 /* Release */,
			);
			defaultConfigurationIsVisible = 0;
			defaultConfigurationName = Release;
		};
		0BCAD4B91D2EA46500C3FDC4 /* Build configuration list for PBXNativeTarget "TPGSwift-tvOS" */ = {
			isa = XCConfigurationList;
			buildConfigurations = (
				0BCAD4BA1D2EA46500C3FDC4 /* Debug */,
				0BCAD4BB1D2EA46500C3FDC4 /* Release */,
			);
			defaultConfigurationIsVisible = 0;
			defaultConfigurationName = Release;
		};
		0BCAD4C61D2EA4BF00C3FDC4 /* Build configuration list for PBXNativeTarget "TPGSwift-macOS" */ = {
			isa = XCConfigurationList;
			buildConfigurations = (
				0BCAD4C71D2EA4BF00C3FDC4 /* Debug */,
				0BCAD4C81D2EA4BF00C3FDC4 /* Release */,
			);
			defaultConfigurationIsVisible = 0;
			defaultConfigurationName = Release;
		};
/* End XCConfigurationList section */
	};
	rootObject = 0B7CD8951CE332CA00958468 /* Project object */;
}
